
Microsoft Visual Studio Solution File, Format Version 12.00
# Visual Studio Version 17
VisualStudioVersion = 17.9.34728.123
MinimumVisualStudioVersion = 10.0.40219.1
Project("{FAE04EC0-301F-11D3-BF4B-00C04F79EFBC}") = "CleanArchitecture", "CleanArchitecture\CleanArchitecture.csproj", "{B42EE71B-127B-440A-82B5-17067E25A17F}"
EndProject
Project("{FAE04EC0-301F-11D3-BF4B-00C04F79EFBC}") = "CleanArchitecture.Domain", "CleanArchitecture.Domain\CleanArchitecture.Domain.csproj", "{08EA4619-EDAB-4EEA-BC6E-2585A2EF2586}"
EndProject
Project("{FAE04EC0-301F-11D3-BF4B-00C04F79EFBC}") = "CleanArchitecture.Application", "CleanArchitecture.Application\CleanArchitecture.Application.csproj", "{5CFF0CE0-EB7F-448E-8798-DE3FED562D33}"
EndProject
Project("{FAE04EC0-301F-11D3-BF4B-00C04F79EFBC}") = "CleanArchitecture.Infrastructure", "CleanArchitecture.Infrastructure\CleanArchitecture.Infrastructure.csproj", "{F1ED5367-4605-447D-A90A-8BE0883069F9}"
EndProject
Global
	GlobalSection(SolutionConfigurationPlatforms) = preSolution
		Debug|Any CPU = Debug|Any CPU
		Release|Any CPU = Release|Any CPU
	EndGlobalSection
	GlobalSection(ProjectConfigurationPlatforms) = postSolution
		{B42EE71B-127B-440A-82B5-17067E25A17F}.Debug|Any CPU.ActiveCfg = Debug|Any CPU
		{B42EE71B-127B-440A-82B5-17067E25A17F}.Debug|Any CPU.Build.0 = Debug|Any CPU
		{B42EE71B-127B-440A-82B5-17067E25A17F}.Release|Any CPU.ActiveCfg = Release|Any CPU
		{B42EE71B-127B-440A-82B5-17067E25A17F}.Release|Any CPU.Build.0 = Release|Any CPU
		{08EA4619-EDAB-4EEA-BC6E-2585A2EF2586}.Debug|Any CPU.ActiveCfg = Debug|Any CPU
		{08EA4619-EDAB-4EEA-BC6E-2585A2EF2586}.Debug|Any CPU.Build.0 = Debug|Any CPU
		{08EA4619-EDAB-4EEA-BC6E-2585A2EF2586}.Release|Any CPU.ActiveCfg = Release|Any CPU
		{08EA4619-EDAB-4EEA-BC6E-2585A2EF2586}.Release|Any CPU.Build.0 = Release|Any CPU
		{5CFF0CE0-EB7F-448E-8798-DE3FED562D33}.Debug|Any CPU.ActiveCfg = Debug|Any CPU
		{5CFF0CE0-EB7F-448E-8798-DE3FED562D33}.Debug|Any CPU.Build.0 = Debug|Any CPU
		{5CFF0CE0-EB7F-448E-8798-DE3FED562D33}.Release|Any CPU.ActiveCfg = Release|Any CPU
		{5CFF0CE0-EB7F-448E-8798-DE3FED562D33}.Release|Any CPU.Build.0 = Release|Any CPU
		{F1ED5367-4605-447D-A90A-8BE0883069F9}.Debug|Any CPU.ActiveCfg = Debug|Any CPU
		{F1ED5367-4605-447D-A90A-8BE0883069F9}.Debug|Any CPU.Build.0 = Debug|Any CPU
		{F1ED5367-4605-447D-A90A-8BE0883069F9}.Release|Any CPU.ActiveCfg = Release|Any CPU
		{F1ED5367-4605-447D-A90A-8BE0883069F9}.Release|Any CPU.Build.0 = Release|Any CPU
	EndGlobalSection
	GlobalSection(SolutionProperties) = preSolution
		HideSolutionNode = FALSE
	EndGlobalSection
	GlobalSection(ExtensibilityGlobals) = postSolution
		SolutionGuid = {C01AFE21-7A5A-4418-8F30-2CA70BEBF493}
	EndGlobalSection
EndGlobal
